
Microsoft Visual Studio Solution File, Format Version 12.00
# Visual Studio Version 17
VisualStudioVersion = 17.6.33801.468
MinimumVisualStudioVersion = 10.0.40219.1
Project("{8BC9CEB8-8B4A-11D0-8D11-00A0C91BC942}") = "HelloWindow", "HelloWindow.vcxproj", "{56CC2D1D-3AB7-42FA-8550-9D6520E46A5A}"
EndProject
Global
	GlobalSection(SolutionConfigurationPlatforms) = preSolution
		Debug|x64 = Debug|x64
		Debug|x86 = Debug|x86
		Release|x64 = Release|x64
		Release|x86 = Release|x86
	EndGlobalSection
	GlobalSection(ProjectConfigurationPlatforms) = postSolution
		{56CC2D1D-3AB7-42FA-8550-9D6520E46A5A}.Debug|x64.ActiveCfg = Debug|x64
		{56CC2D1D-3AB7-42FA-8550-9D6520E46A5A}.Debug|x64.Build.0 = Debug|x64
		{56CC2D1D-3AB7-42FA-8550-9D6520E46A5A}.Debug|x86.ActiveCfg = Debug|Win32
		{56CC2D1D-3AB7-42FA-8550-9D6520E46A5A}.Debug|x86.Build.0 = Debug|Win32
		{56CC2D1D-3AB7-42FA-8550-9D6520E46A5A}.Release|x64.ActiveCfg = Release|x64
		{56CC2D1D-3AB7-42FA-8550-9D6520E46A5A}.Release|x64.Build.0 = Release|x64
		{56CC2D1D-3AB7-42FA-8550-9D6520E46A5A}.Release|x86.ActiveCfg = Release|Win32
		{56CC2D1D-3AB7-42FA-8550-9D6520E46A5A}.Release|x86.Build.0 = Release|Win32
	EndGlobalSection
	GlobalSection(SolutionProperties) = preSolution
		HideSolutionNode = FALSE
	EndGlobalSection
	GlobalSection(ExtensibilityGlobals) = postSolution
		SolutionGuid = {E6A47FF1-0984-4B3F-BCEF-317BC1C28D33}
	EndGlobalSection
EndGlobal
